
Microsoft Visual Studio Solution File, Format Version 12.00
# Visual Studio Version 16
VisualStudioVersion = 16.0.31229.75
MinimumVisualStudioVersion = 10.0.40219.1
Project("{8BC9CEB8-8B4A-11D0-8D11-00A0C91BC942}") = "HackerTest", "HackerTest\HackerTest.vcxproj", "{D53BD1A2-053B-478A-83C1-68149ECEB449}"
EndProject
Global
	GlobalSection(SolutionConfigurationPlatforms) = preSolution
		Debug|x64 = Debug|x64
		Debug|x86 = Debug|x86
		Release|x64 = Release|x64
		Release|x86 = Release|x86
	EndGlobalSection
	GlobalSection(ProjectConfigurationPlatforms) = postSolution
		{D53BD1A2-053B-478A-83C1-68149ECEB449}.Debug|x64.ActiveCfg = Debug|x64
		{D53BD1A2-053B-478A-83C1-68149ECEB449}.Debug|x64.Build.0 = Debug|x64
		{D53BD1A2-053B-478A-83C1-68149ECEB449}.Debug|x86.ActiveCfg = Debug|Win32
		{D53BD1A2-053B-478A-83C1-68149ECEB449}.Debug|x86.Build.0 = Debug|Win32
		{D53BD1A2-053B-478A-83C1-68149ECEB449}.Release|x64.ActiveCfg = Release|x64
		{D53BD1A2-053B-478A-83C1-68149ECEB449}.Release|x64.Build.0 = Release|x64
		{D53BD1A2-053B-478A-83C1-68149ECEB449}.Release|x86.ActiveCfg = Release|Win32
		{D53BD1A2-053B-478A-83C1-68149ECEB449}.Release|x86.Build.0 = Release|Win32
	EndGlobalSection
	GlobalSection(SolutionProperties) = preSolution
		HideSolutionNode = FALSE
	EndGlobalSection
	GlobalSection(ExtensibilityGlobals) = postSolution
		SolutionGuid = {F18C59E3-ECD5-406A-97D0-8573D27EC97B}
	EndGlobalSection
EndGlobal
